
Microsoft Visual Studio Solution File, Format Version 12.00
# Visual Studio Version 16
VisualStudioVersion = 16.0.30320.27
MinimumVisualStudioVersion = 10.0.40219.1
Project("{FAE04EC0-301F-11D3-BF4B-00C04F79EFBC}") = "EmployeeManagement", "EmployeeManagement\EmployeeManagement.csproj", "{BD507943-7935-4091-AECC-2540638B4D09}"
EndProject
Global
	GlobalSection(SolutionConfigurationPlatforms) = preSolution
		Debug|Any CPU = Debug|Any CPU
		Release|Any CPU = Release|Any CPU
	EndGlobalSection
	GlobalSection(ProjectConfigurationPlatforms) = postSolution
		{BD507943-7935-4091-AECC-2540638B4D09}.Debug|Any CPU.ActiveCfg = Debug|Any CPU
		{BD507943-7935-4091-AECC-2540638B4D09}.Debug|Any CPU.Build.0 = Debug|Any CPU
		{BD507943-7935-4091-AECC-2540638B4D09}.Release|Any CPU.ActiveCfg = Release|Any CPU
		{BD507943-7935-4091-AECC-2540638B4D09}.Release|Any CPU.Build.0 = Release|Any CPU
	EndGlobalSection
	GlobalSection(SolutionProperties) = preSolution
		HideSolutionNode = FALSE
	EndGlobalSection
	GlobalSection(ExtensibilityGlobals) = postSolution
		SolutionGuid = {D55516AE-5B71-4546-A827-7030200B01ED}
	EndGlobalSection
EndGlobal
